github.com/fatih/color v1.17.0 h1:GlRw1BRJxkpqUCBKzKOw098ed57fEsKeNjpTe3cSjK4=
github.com/fatih/color v1.17.0/go.mod h1:YZ7TlrGPkiz6ku9fK3TLD/pl3CpsiFyu8N92HLgmosI=
github.com/gosuri/uitable v0.0.4 h1:IG2xLKRvErL3uhY6e1BylFzG+aJiwQviDDTfOKeKTpY=
github.com/gosuri/uitable v0.0.4/go.mod h1:tKR86bXuXPZazfOTG1FIzvjIdXzd0mo4Vtn16vt0PJo=
github.com/mattn/go-colorable v0.1.13 h1:fFA4WZxdEF4tXPZVKMLwD8oUnCTTo08duU7wxecdEvA=
github.com/mattn/go-colorable v0.1.13/go.mod h1:7S9/ev0klgBDR4GtXTXX8a3vIGJpMovkB8vQcUbaXHg=
github.com/mattn/go-isatty v0.0.16/go.mod h1:kYGgaQfpe5nmfYZH+SKPsOc2e4SrIfOl2e/yFXSvRLM=
github.com/mattn/go-isatty v0.0.20 h1:xfD0iDuEKnDkl03q4limB+vH+GxLEtL/jb4xVJSWWEY=
github.com/mattn/go-isatty v0.0.20/go.mod h1:W+V8PltTTMOvKvAeJH7IuucS94S2C6jfK/D7dTCTo3Y=
github.com/mattn/go-runewidth v0.0.16 h1:E5ScNMtiwvlvB5paMFdw9p4kSQzbXFikJ5SQO6TULQc=
github.com/mattn/go-runewidth v0.0.16/go.mod h1:Jdepj2loyihRzMpdS35Xk/zdY8IAYHsh153qUoGf23w=
github.com/pires/go-proxyproto v0.7.0 h1:IukmRewDQFWC7kfnb66CSomk2q/seBuilHBYFwyq0Hs=
github.com/pires/go-proxyproto v0.7.0/go.mod h1:Vz/1JPY/OACxWGQNIRY2BeyDmpoaWmEP40O9LbuiFR4=
github.com/pkg/errors v0.9.1 h1:FEBLx1zS214owpjy7qsBeixbURkuhQAwrK5UwLGTwt4=
github.com/pkg/errors v0.9.1/go.mod h1:bwawxfHBFNV+L2hUp1rHADufV3IMtnDRdf1r5NINEl0=
github.com/quickfixgo/enum v0.1.0 h1:TnCPOqxAWA5/IWp7lsvj97x7oyuHYgj3STBJlBzZGjM=
github.com/quickfixgo/enum v0.1.0/go.mod h1:65gdG2/8vr6uOYcjZBObVHMuTEYc5rr/+aKVWTrFIrQ=
github.com/quickfixgo/field v0.1.0 h1:JVO6fVD6Nkyy8e/ROYQtV/nQhMX/BStD5Lq7XIgYz2g=
github.com/quickfixgo/field v0.1.0/go.mod h1:Zu0qYmpj+gljlB2HgpUt9EcTIThs2lIQb8C57qbJr8o=
github.com/quickfixgo/fix40 v0.1.0 h1:IgxG7RvVnS+bLt5Kt8XFsjE4URcsjS8oPHeA5916hKY=
github.com/quickfixgo/fix40 v0.1.0/go.mod h1:/19Md3bYkm1FbWwcmAmrovVsKUZAd/zLG45WK8WWckg=
github.com/quickfixgo/fix41 v0.1.0 h1:y2puNCrpwC3xo8VYiPIXoWKrXn1ParOyAqT8wQlBW60=
github.com/quickfixgo/fix41 v0.1.0/go.mod h1:G3bAiITRccck6UuGHu8FhLywlWWzMI0JhHG7VZxUgAY=
github.com/quickfixgo/fix42 v0.1.0 h1:uFDM1ZylhTCLnDptwvrU6SkKRkDrqShYHHBATz/c1q0=
github.com/quickfixgo/fix42 v0.1.0/go.mod h1:jiZZiS92naJmyhbMd3l8qPUV7ufnwkxUqFqgYBtJOp4=
github.com/quickfixgo/fix43 v0.1.0 h1:o+DP2EqbpRzKvxdUyMFm4dHs4Y94ZTCLS1SeSGpPVjM=
github.com/quickfixgo/fix43 v0.1.0/go.mod h1:FF2SXSfCd3v+ZNNX/cYwh3CJo3LfCmHAlXldjXY16To=
github.com/quickfixgo/fix44 v0.1.0 h1:g/rTl6mXDlG7iIMbY7zaPbHcj9N/B+tteOZ01yGzeSQ=
github.com/quickfixgo/fix44 v0.1.0/go.mod h1:d6Ia02Eq/JYgKCn/2V9FHxguAl1Alp/yu/xVpry82dA=
github.com/quickfixgo/fix50 v0.1.0 h1:fD+93ap9P2lWbI42MFOdcUnzf+GRQHkyqWYYCKeTkos=
github.com/quickfixgo/fix50 v0.1.0/go.mod h1:ZxQTqXY1IJnpN0v2CgYTFn3/ffbKsX/fWI31O3pBk9M=
github.com/quickfixgo/fixt11 v0.1.0 h1:7pPnTNPa5wESbQVezLK6ExbSaqcJS2oruMUgnNNH8ZM=
github.com/quickfixgo/fixt11 v0.1.0/go.mod h1:JV9yBYvw7dx6hQZeI3rV7eJ6c3SUf5bXwSU3Eb09ok0=
github.com/quickfixgo/quickfix v0.9.0/go.mod h1:t5Z881dOZ2Dz5vM6KIbMCx3YpAiFPFf/iCLCSn91Qqo=
github.com/quickfixgo/quickfix v0.9.6 h1:pmLxcMA16JVsFCXnWanIyqzg74AMIyitR7ecyGelkX0=
github.com/quickfixgo/quickfix v0.9.6/go.mod h1:Epcqgr7ARlUYUsl/bkEXUcbWoCCB048u6zBXLTC6F88=
github.com/quickfixgo/tag v0.1.0 h1:R2A1Zf7CBE903+mOQlmTlfTmNZQz/yh7HunMbgcsqsA=
github.com/quickfixgo/tag v0.1.0/go.mod h1:l/drB1eO3PwN9JQTDC9Vt2EqOcaXk3kGJ+eeCQljvAI=
github.com/rivo/uniseg v0.2.0 h1:S1pD9weZBuJdFmowNwbpi7BJ8TNftyUImj/0WQi72jY=
github.com/rivo/uniseg v0.2.0/go.mod h1:J6wj4VEh+S6ZtnVlnTBMWIodfgj8LQOQFoIToxlJtxc=
github.com/shopspring/decimal v1.4.0 h1:bxl37RwXBklmTi0C79JfXCEBD1cqqHt0bbgBAGFp81k=
github.com/shopspring/decimal v1.4.0/go.mod h1:gawqmDU56v4yIKSwfBSFip1HdCCXN8/+DMd9qYNcwME=
golang.org/x/net v0.24.0 h1:1PcaxkF854Fu3+lvBIx5SYn9wRlBzzcnHZSiaFFAb0w=
golang.org/x/net v0.24.0/go.mod h1:2Q7sJY5mzlzWjKtYUEXSlBWCdyaioyXzRB2RtU8KVE8=
golang.org/x/sys v0.0.0-20220811171246-fbc7d0a398ab/go.mod h1:oPkhp1MJrh7nUepCBck5+mAzfO9JrbApNNgaTdGDITg=
golang.org/x/sys v0.6.0/go.mod h1:oPkhp1MJrh7nUepCBck5+mAzfO9JrbApNNgaTdGDITg=
golang.org/x/sys v0.19.0 h1:q5f1RH2jigJ1MoAWp2KTp3gm5zAGFUTarQZ5U386+4o=
golang.org/x/sys v0.19.0/go.mod h1:/VUhepiaJMQUp4+oa/7Zr1D23ma6VTLIYjOOTFZPUcA=
